
Microsoft Visual Studio Solution File, Format Version 12.00
# Visual Studio 15
VisualStudioVersion = 15.0.28307.779
MinimumVisualStudioVersion = 10.0.40219.1
Project("{FAE04EC0-301F-11D3-BF4B-00C04F79EFBC}") = "JsonDataEditor", "JsonDataEditor.csproj", "{FC11005E-E7D1-43AE-BA8A-EFAD318C11F3}"
EndProject
Project("{FAE04EC0-301F-11D3-BF4B-00C04F79EFBC}") = "Test", "Test\Test.csproj", "{1511FF08-DF8D-4773-BB1C-B54261951465}"
EndProject
Global
	GlobalSection(SolutionConfigurationPlatforms) = preSolution
		Debug|Any CPU = Debug|Any CPU
		Release|Any CPU = Release|Any CPU
	EndGlobalSection
	GlobalSection(ProjectConfigurationPlatforms) = postSolution
		{FC11005E-E7D1-43AE-BA8A-EFAD318C11F3}.Debug|Any CPU.ActiveCfg = Debug|Any CPU
		{FC11005E-E7D1-43AE-BA8A-EFAD318C11F3}.Debug|Any CPU.Build.0 = Debug|Any CPU
		{FC11005E-E7D1-43AE-BA8A-EFAD318C11F3}.Release|Any CPU.ActiveCfg = Release|Any CPU
		{FC11005E-E7D1-43AE-BA8A-EFAD318C11F3}.Release|Any CPU.Build.0 = Release|Any CPU
		{1511FF08-DF8D-4773-BB1C-B54261951465}.Debug|Any CPU.ActiveCfg = Debug|Any CPU
		{1511FF08-DF8D-4773-BB1C-B54261951465}.Debug|Any CPU.Build.0 = Debug|Any CPU
		{1511FF08-DF8D-4773-BB1C-B54261951465}.Release|Any CPU.ActiveCfg = Release|Any CPU
		{1511FF08-DF8D-4773-BB1C-B54261951465}.Release|Any CPU.Build.0 = Release|Any CPU
	EndGlobalSection
	GlobalSection(SolutionProperties) = preSolution
		HideSolutionNode = FALSE
	EndGlobalSection
	GlobalSection(ExtensibilityGlobals) = postSolution
		SolutionGuid = {3ADDE0B8-27E1-4DCB-8588-BC51FEF895AE}
	EndGlobalSection
EndGlobal
